
Microsoft Visual Studio Solution File, Format Version 12.00
# Visual Studio 15
VisualStudioVersion = 15.0.28307.572
MinimumVisualStudioVersion = 10.0.40219.1
Project("{9A19103F-16F7-4668-BE54-9A1E7A4F7556}") = "IntranetAziendale", "IntranetAziendale\IntranetAziendale.csproj", "{45F08F59-2A3E-474C-870F-2B3730E5D797}"
EndProject
Project("{FAE04EC0-301F-11D3-BF4B-00C04F79EFBC}") = "UnitTests", "UnitTests\UnitTests.csproj", "{9AFDA863-18C0-46CC-B6A8-9F14D77D3F0F}"
EndProject
Project("{FAE04EC0-301F-11D3-BF4B-00C04F79EFBC}") = "IntegrationTests", "IntegrationTests\IntegrationTests.csproj", "{E3FA1A04-A4A5-4209-8711-9193D3E596DE}"
EndProject
Global
	GlobalSection(SolutionConfigurationPlatforms) = preSolution
		Debug|Any CPU = Debug|Any CPU
		Release|Any CPU = Release|Any CPU
	EndGlobalSection
	GlobalSection(ProjectConfigurationPlatforms) = postSolution
		{45F08F59-2A3E-474C-870F-2B3730E5D797}.Debug|Any CPU.ActiveCfg = Debug|Any CPU
		{45F08F59-2A3E-474C-870F-2B3730E5D797}.Debug|Any CPU.Build.0 = Debug|Any CPU
		{45F08F59-2A3E-474C-870F-2B3730E5D797}.Release|Any CPU.ActiveCfg = Release|Any CPU
		{45F08F59-2A3E-474C-870F-2B3730E5D797}.Release|Any CPU.Build.0 = Release|Any CPU
		{9AFDA863-18C0-46CC-B6A8-9F14D77D3F0F}.Debug|Any CPU.ActiveCfg = Debug|Any CPU
		{9AFDA863-18C0-46CC-B6A8-9F14D77D3F0F}.Debug|Any CPU.Build.0 = Debug|Any CPU
		{9AFDA863-18C0-46CC-B6A8-9F14D77D3F0F}.Release|Any CPU.ActiveCfg = Release|Any CPU
		{9AFDA863-18C0-46CC-B6A8-9F14D77D3F0F}.Release|Any CPU.Build.0 = Release|Any CPU
		{E3FA1A04-A4A5-4209-8711-9193D3E596DE}.Debug|Any CPU.ActiveCfg = Debug|Any CPU
		{E3FA1A04-A4A5-4209-8711-9193D3E596DE}.Debug|Any CPU.Build.0 = Debug|Any CPU
		{E3FA1A04-A4A5-4209-8711-9193D3E596DE}.Release|Any CPU.ActiveCfg = Release|Any CPU
		{E3FA1A04-A4A5-4209-8711-9193D3E596DE}.Release|Any CPU.Build.0 = Release|Any CPU
	EndGlobalSection
	GlobalSection(SolutionProperties) = preSolution
		HideSolutionNode = FALSE
	EndGlobalSection
	GlobalSection(ExtensibilityGlobals) = postSolution
		SolutionGuid = {57A3974A-51FB-4EC2-B782-6858805693E7}
	EndGlobalSection
EndGlobal
